PODS:
  - Alamofire (5.0.0-beta.6)
  - AlamofireObjectMapper (6.1.0):
    - Alamofire (= 5.0.0-beta.6)
    - ObjectMapper (~> 3.4)
  - ObjectMapper (3.5.1)
  - Realm (3.17.1):
    - Realm/Headers (= 3.17.1)
  - Realm/Headers (3.17.1)
  - RealmSwift (3.17.1):
    - Realm (= 3.17.1)
  - SwiftKeychainWrapper (3.4.0)
  - SwiftyJSON (4.3.0)

DEPENDENCIES:
  - Alamofire (~> 5.0.0-beta.5)
  - AlamofireObjectMapper
  - RealmSwift
  - SwiftKeychainWrapper
  - SwiftyJSON (~> 4.0)

SPEC REPOS:
  https://github.com/cocoapods/specs.git:
    - Alamofire
    - AlamofireObjectMapper
    - ObjectMapper
    - Realm
    - RealmSwift
    - SwiftKeychainWrapper
    - SwiftyJSON

SPEC CHECKSUMS:
  Alamofire: cd08a4402bd12cacd0c66f23fb12fec8d6b965e4
  AlamofireObjectMapper: cd819bed60ad326e8920a6c524c19744e15bb237
  ObjectMapper: 70187b8941977c62ccfb423caf6b50be405cabf0
  Realm: c204f1a890f07dea43b14132a6aad118c054b8f2
  RealmSwift: 4d3c9233544b9cd08a8913e0872b9038eb99b054
  SwiftKeychainWrapper: 6fc49fbf7d4a6b0772917acb0e53a1639f6078d6
  SwiftyJSON: 6faa0040f8b59dead0ee07436cbf76b73c08fd08

PODFILE CHECKSUM: 246ea288cb143bf112e1acf5b785fe39b53dd5f5

COCOAPODS: 1.7.5
